
Microsoft Visual Studio Solution File, Format Version 12.00
# Visual Studio Version 17
VisualStudioVersion = 17.8.34330.188
MinimumVisualStudioVersion = 10.0.40219.1
Project("{FAE04EC0-301F-11D3-BF4B-00C04F79EFBC}") = "WebApp", "WebApp\WebApp.csproj", "{AC867390-767F-4F13-843F-3D7E608A8D03}"
EndProject
Global
	GlobalSection(SolutionConfigurationPlatforms) = preSolution
		Debug|Any CPU = Debug|Any CPU
		Release|Any CPU = Release|Any CPU
	EndGlobalSection
	GlobalSection(ProjectConfigurationPlatforms) = postSolution
		{AC867390-767F-4F13-843F-3D7E608A8D03}.Debug|Any CPU.ActiveCfg = Debug|Any CPU
		{AC867390-767F-4F13-843F-3D7E608A8D03}.Debug|Any CPU.Build.0 = Debug|Any CPU
		{AC867390-767F-4F13-843F-3D7E608A8D03}.Release|Any CPU.ActiveCfg = Release|Any CPU
		{AC867390-767F-4F13-843F-3D7E608A8D03}.Release|Any CPU.Build.0 = Release|Any CPU
	EndGlobalSection
	GlobalSection(SolutionProperties) = preSolution
		HideSolutionNode = FALSE
	EndGlobalSection
	GlobalSection(ExtensibilityGlobals) = postSolution
		SolutionGuid = {A05C7BF4-F5AE-4214-B3DE-F4A952CCEE15}
	EndGlobalSection
EndGlobal
